// !$*UTF8*$!
{
	archiveVersion = 1;
	classes = {
	};
	objectVersion = 46;
	objects = {

/* Begin PBXBuildFile section */
		968DFD451F5686EC001A8213 /* AppDelegate.swift in Sources */ = {isa = PBXBuildFile; fileRef = 968DFD441F5686EC001A8213 /* AppDelegate.swift */; };
		968DFD471F5686EC001A8213 /* ViewController.swift in Sources */ = {isa = PBXBuildFile; fileRef = 968DFD461F5686EC001A8213 /* ViewController.swift */; };
		968DFD4A1F5686EC001A8213 /* Main.storyboard in Resources */ = {isa = PBXBuildFile; fileRef = 968DFD481F5686EC001A8213 /* Main.storyboard */; };
		968DFD4C1F5686EC001A8213 /* Assets.xcassets in Resources */ = {isa = PBXBuildFile; fileRef = 968DFD4B1F5686EC001A8213 /* Assets.xcassets */; };
		968DFD4F1F5686EC001A8213 /* LaunchScreen.storyboard in Resources */ = {isa = PBXBuildFile; fileRef = 968DFD4D1F5686EC001A8213 /* LaunchScreen.storyboard */; };
		968DFD571F57D957001A8213 /* LoginViewController.swift in Sources */ = {isa = PBXBuildFile; fileRef = 968DFD561F57D957001A8213 /* LoginViewController.swift */; };
		968DFD591F57D97B001A8213 /* UserProfileViewController.swift in Sources */ = {isa = PBXBuildFile; fileRef = 968DFD581F57D97B001A8213 /* UserProfileViewController.swift */; };
		968DFD5B1F57E042001A8213 /* Services.swift in Sources */ = {isa = PBXBuildFile; fileRef = 968DFD5A1F57E042001A8213 /* Services.swift */; };
		968DFD5D1F57EA73001A8213 /* WSSignup.swift in Sources */ = {isa = PBXBuildFile; fileRef = 968DFD5C1F57EA73001A8213 /* WSSignup.swift */; };
		968DFD5F1F57EE6E001A8213 /* User.swift in Sources */ = {isa = PBXBuildFile; fileRef = 968DFD5E1F57EE6E001A8213 /* User.swift */; };
/* End PBXBuildFile section */

/* Begin PBXFileReference section */
		968DFD411F5686EC001A8213 /* SampleFullStack.app */ = {isa = PBXFileReference; explicitFileType = wrapper.application; includeInIndex = 0; path = SampleFullStack.app; sourceTree = BUILT_PRODUCTS_DIR; };
		968DFD441F5686EC001A8213 /* AppDelegate.swift */ = {isa = PBXFileReference; lastKnownFileType = sourcecode.swift; path = AppDelegate.swift; sourceTree = "<group>"; };
		968DFD461F5686EC001A8213 /* ViewController.swift */ = {isa = PBXFileReference; lastKnownFileType = sourcecode.swift; path = ViewController.swift; sourceTree = "<group>"; };
		968DFD491F5686EC001A8213 /* Base */ = {isa = PBXFileReference; lastKnownFileType = file.storyboard; name = Base; path = Base.lproj/Main.storyboard; sourceTree = "<group>"; };
		968DFD4B1F5686EC001A8213 /* Assets.xcassets */ = {isa = PBXFileReference; lastKnownFileType = folder.assetcatalog; path = Assets.xcassets; sourceTree = "<group>"; };
		968DFD4E1F5686EC001A8213 /* Base */ = {isa = PBXFileReference; lastKnownFileType = file.storyboard; name = Base; path = Base.lproj/LaunchScreen.storyboard; sourceTree = "<group>"; };
		968DFD501F5686EC001A8213 /* Info.plist */ = {isa = PBXFileReference; lastKnownFileType = text.plist.xml; path = Info.plist; sourceTree = "<group>"; };
		968DFD561F57D957001A8213 /* LoginViewController.swift */ = {isa = PBXFileReference; fileEncoding = 4; lastKnownFileType = sourcecode.swift; path = LoginViewController.swift; sourceTree = "<group>"; };
		968DFD581F57D97B001A8213 /* UserProfileViewController.swift */ = {isa = PBXFileReference; fileEncoding = 4; lastKnownFileType = sourcecode.swift; path = UserProfileViewController.swift; sourceTree = "<group>"; };
		968DFD5A1F57E042001A8213 /* Services.swift */ = {isa = PBXFileReference; fileEncoding = 4; lastKnownFileType = sourcecode.swift; path = Services.swift; sourceTree = "<group>"; };
		968DFD5C1F57EA73001A8213 /* WSSignup.swift */ = {isa = PBXFileReference; fileEncoding = 4; lastKnownFileType = sourcecode.swift; path = WSSignup.swift; sourceTree = "<group>"; };
		968DFD5E1F57EE6E001A8213 /* User.swift */ = {isa = PBXFileReference; fileEncoding = 4; lastKnownFileType = sourcecode.swift; path = User.swift; sourceTree = "<group>"; };
/* End PBXFileReference section */

/* Begin PBXFrameworksBuildPhase section */
		968DFD3E1F5686EC001A8213 /* Frameworks */ = {
			isa = PBXFrameworksBuildPhase;
			buildActionMask = 2147483647;
			files = (
			);
			runOnlyForDeploymentPostprocessing = 0;
		};
/* End PBXFrameworksBuildPhase section */

/* Begin PBXGroup section */
		968DFD381F5686EB001A8213 = {
			isa = PBXGroup;
			children = (
				968DFD431F5686EC001A8213 /* SampleFullStack */,
				968DFD421F5686EC001A8213 /* Products */,
			);
			sourceTree = "<group>";
		};
		968DFD421F5686EC001A8213 /* Products */ = {
			isa = PBXGroup;
			children = (
				968DFD411F5686EC001A8213 /* SampleFullStack.app */,
			);
			name = Products;
			sourceTree = "<group>";
		};
		968DFD431F5686EC001A8213 /* SampleFullStack */ = {
			isa = PBXGroup;
			children = (
				968DFD441F5686EC001A8213 /* AppDelegate.swift */,
				968DFD5E1F57EE6E001A8213 /* User.swift */,
				968DFD5C1F57EA73001A8213 /* WSSignup.swift */,
				968DFD5A1F57E042001A8213 /* Services.swift */,
				968DFD461F5686EC001A8213 /* ViewController.swift */,
				968DFD581F57D97B001A8213 /* UserProfileViewController.swift */,
				968DFD561F57D957001A8213 /* LoginViewController.swift */,
				968DFD481F5686EC001A8213 /* Main.storyboard */,
				968DFD4B1F5686EC001A8213 /* Assets.xcassets */,
				968DFD4D1F5686EC001A8213 /* LaunchScreen.storyboard */,
				968DFD501F5686EC001A8213 /* Info.plist */,
			);
			path = SampleFullStack;
			sourceTree = "<group>";
		};
/* End PBXGroup section */

/* Begin PBXNativeTarget section */
		968DFD401F5686EC001A8213 /* SampleFullStack */ = {
			isa = PBXNativeTarget;
			buildConfigurationList = 968DFD531F5686EC001A8213 /* Build configuration list for PBXNativeTarget "SampleFullStack" */;
			buildPhases = (
				968DFD3D1F5686EC001A8213 /* Sources */,
				968DFD3E1F5686EC001A8213 /* Frameworks */,
				968DFD3F1F5686EC001A8213 /* Resources */,
			);
			buildRules = (
			);
			dependencies = (
			);
			name = SampleFullStack;
			productName = SampleFullStack;
			productReference = 968DFD411F5686EC001A8213 /* SampleFullStack.app */;
			productType = "com.apple.product-type.application";
		};
/* End PBXNativeTarget section */

/* Begin PBXProject section */
		968DFD391F5686EC001A8213 /* Project object */ = {
			isa = PBXProject;
			attributes = {
				LastSwiftUpdateCheck = 0820;
				LastUpgradeCheck = 0820;
				ORGANIZATIONNAME = "Rumit Singh Tuteja";
				TargetAttributes = {
					968DFD401F5686EC001A8213 = {
						CreatedOnToolsVersion = 8.2.1;
						ProvisioningStyle = Automatic;
					};
				};
			};
			buildConfigurationList = 968DFD3C1F5686EC001A8213 /* Build configuration list for PBXProject "SampleFullStack" */;
			compatibilityVersion = "Xcode 3.2";
			developmentRegion = English;
			hasScannedForEncodings = 0;
			knownRegions = (
				en,
				Base,
			);
			mainGroup = 968DFD381F5686EB001A8213;
			productRefGroup = 968DFD421F5686EC001A8213 /* Products */;
			projectDirPath = "";
			projectRoot = "";
			targets = (
				968DFD401F5686EC001A8213 /* SampleFullStack */,
			);
		};
/* End PBXProject section */

/* Begin PBXResourcesBuildPhase section */
		968DFD3F1F5686EC001A8213 /* Resources */ = {
			isa = PBXResourcesBuildPhase;
			buildActionMask = 2147483647;
			files = (
				968DFD4F1F5686EC001A8213 /* LaunchScreen.storyboard in Resources */,
				968DFD4C1F5686EC001A8213 /* Assets.xcassets in Resources */,
				968DFD4A1F5686EC001A8213 /* Main.storyboard in Resources */,
			);
			runOnlyForDeploymentPostprocessing = 0;
		};
/* End PBXResourcesBuildPhase section */

/* Begin PBXSourcesBuildPhase section */
		968DFD3D1F5686EC001A8213 /* Sources */ = {
			isa = PBXSourcesBuildPhase;
			buildActionMask = 2147483647;
			files = (
				968DFD5B1F57E042001A8213 /* Services.swift in Sources */,
				968DFD5D1F57EA73001A8213 /* WSSignup.swift in Sources */,
				968DFD571F57D957001A8213 /* LoginViewController.swift in Sources */,
				968DFD591F57D97B001A8213 /* UserProfileViewController.swift in Sources */,
				968DFD471F5686EC001A8213 /* ViewController.swift in Sources */,
				968DFD451F5686EC001A8213 /* AppDelegate.swift in Sources */,
				968DFD5F1F57EE6E001A8213 /* User.swift in Sources */,
			);
			runOnlyForDeploymentPostprocessing = 0;
		};
/* End PBXSourcesBuildPhase section */

/* Begin PBXVariantGroup section */
		968DFD481F5686EC001A8213 /* Main.storyboard */ = {
			isa = PBXVariantGroup;
			children = (
				968DFD491F5686EC001A8213 /* Base */,
			);
			name = Main.storyboard;
			sourceTree = "<group>";
		};
		968DFD4D1F5686EC001A8213 /* LaunchScreen.storyboard */ = {
			isa = PBXVariantGroup;
			children = (
				968DFD4E1F5686EC001A8213 /* Base */,
			);
			name = LaunchScreen.storyboard;
			sourceTree = "<group>";
		};
/* End PBXVariantGroup section */

/* Begin XCBuildConfiguration section */
		968DFD511F5686EC001A8213 /* Debug */ = {
			isa = XCBuildConfiguration;
			buildSettings = {
				ALWAYS_SEARCH_USER_PATHS = NO;
				CLANG_ANALYZER_NONNULL = YES;
				CLANG_CXX_LANGUAGE_STANDARD = "gnu++0x";
				CLANG_CXX_LIBRARY = "libc++";
				CLANG_ENABLE_MODULES = YES;
				CLANG_ENABLE_OBJC_ARC = YES;
				CLANG_WARN_BOOL_CONVERSION = YES;
				CLANG_WARN_CONSTANT_CONVERSION = YES;
				CLANG_WARN_DIRECT_OBJC_ISA_USAGE = YES_ERROR;
				CLANG_WARN_DOCUMENTATION_COMMENTS = YES;
				CLANG_WARN_EMPTY_BODY = YES;
				CLANG_WARN_ENUM_CONVERSION = YES;
				CLANG_WARN_INFINITE_RECURSION = YES;
				CLANG_WARN_INT_CONVERSION = YES;
				CLANG_WARN_OBJC_ROOT_CLASS = YES_ERROR;
				CLANG_WARN_SUSPICIOUS_MOVE = YES;
				CLANG_WARN_UNREACHABLE_CODE = YES;
				CLANG_WARN__DUPLICATE_METHOD_MATCH = YES;
				"CODE_SIGN_IDENTITY[sdk=iphoneos*]" = "iPhone Developer";
				COPY_PHASE_STRIP = NO;
				DEBUG_INFORMATION_FORMAT = dwarf;
				ENABLE_STRICT_OBJC_MSGSEND = YES;
				ENABLE_TESTABILITY = YES;
				GCC_C_LANGUAGE_STANDARD = gnu99;
				GCC_DYNAMIC_NO_PIC = NO;
				GCC_NO_COMMON_BLOCKS = YES;
				GCC_OPTIMIZATION_LEVEL = 0;
				GCC_PREPROCESSOR_DEFINITIONS = (
					"DEBUG=1",
					"$(inherited)",
				);
				GCC_WARN_64_TO_32_BIT_CONVERSION = YES;
				GCC_WARN_ABOUT_RETURN_TYPE = YES_ERROR;
				GCC_WARN_UNDECLARED_SELECTOR = YES;
				GCC_WARN_UNINITIALIZED_AUTOS = YES_AGGRESSIVE;
				GCC_WARN_UNUSED_FUNCTION = YES;
				GCC_WARN_UNUSED_VARIABLE = YES;
				IPHONEOS_DEPLOYMENT_TARGET = 10.2;
				MTL_ENABLE_DEBUG_INFO = YES;
				ONLY_ACTIVE_ARCH = YES;
				SDKROOT = iphoneos;
				SWIFT_ACTIVE_COMPILATION_CONDITIONS = DEBUG;
				SWIFT_OPTIMIZATION_LEVEL = "-Onone";
			};
			name = Debug;
		};
		968DFD521F5686EC001A8213 /* Release */ = {
			isa = XCBuildConfiguration;
			buildSettings = {
				ALWAYS_SEARCH_USER_PATHS = NO;
				CLANG_ANALYZER_NONNULL = YES;
				CLANG_CXX_LANGUAGE_STANDARD = "gnu++0x";
				CLANG_CXX_LIBRARY = "libc++";
				CLANG_ENABLE_MODULES = YES;
				CLANG_ENABLE_OBJC_ARC = YES;
				CLANG_WARN_BOOL_CONVERSION = YES;
				CLANG_WARN_CONSTANT_CONVERSION = YES;
				CLANG_WARN_DIRECT_OBJC_ISA_USAGE = YES_ERROR;
				CLANG_WARN_DOCUMENTATION_COMMENTS = YES;
				CLANG_WARN_EMPTY_BODY = YES;
				CLANG_WARN_ENUM_CONVERSION = YES;
				CLANG_WARN_INFINITE_RECURSION = YES;
				CLANG_WARN_INT_CONVERSION = YES;
				CLANG_WARN_OBJC_ROOT_CLASS = YES_ERROR;
				CLANG_WARN_SUSPICIOUS_MOVE = YES;
				CLANG_WARN_UNREACHABLE_CODE = YES;
				CLANG_WARN__DUPLICATE_METHOD_MATCH = YES;
				"CODE_SIGN_IDENTITY[sdk=iphoneos*]" = "iPhone Developer";
				COPY_PHASE_STRIP = NO;
				DEBUG_INFORMATION_FORMAT = "dwarf-with-dsym";
				ENABLE_NS_ASSERTIONS = NO;
				ENABLE_STRICT_OBJC_MSGSEND = YES;
				GCC_C_LANGUAGE_STANDARD = gnu99;
				GCC_NO_COMMON_BLOCKS = YES;
				GCC_WARN_64_TO_32_BIT_CONVERSION = YES;
				GCC_WARN_ABOUT_RETURN_TYPE = YES_ERROR;
				GCC_WARN_UNDECLARED_SELECTOR = YES;
				GCC_WARN_UNINITIALIZED_AUTOS = YES_AGGRESSIVE;
				GCC_WARN_UNUSED_FUNCTION = YES;
				GCC_WARN_UNUSED_VARIABLE = YES;
				IPHONEOS_DEPLOYMENT_TARGET = 10.2;
				MTL_ENABLE_DEBUG_INFO = NO;
				SDKROOT = iphoneos;
				SWIFT_OPTIMIZATION_LEVEL = "-Owholemodule";
				VALIDATE_PRODUCT = YES;
			};
			name = Release;
		};
		968DFD541F5686EC001A8213 /* Debug */ = {
			isa = XCBuildConfiguration;
			buildSettings = {
				ASSETCATALOG_COMPILER_APPICON_NAME = AppIcon;
				INFOPLIST_FILE = SampleFullStack/Info.plist;
				LD_RUNPATH_SEARCH_PATHS = "$(inherited) @executable_path/Frameworks";
				PRODUCT_BUNDLE_IDENTIFIER = com.uncc.advancedmobileappdevelopment.SampleFullStack;
				PRODUCT_NAME = "$(TARGET_NAME)";
				SWIFT_VERSION = 3.0;
			};
			name = Debug;
		};
		968DFD551F5686EC001A8213 /* Release */ = {
			isa = XCBuildConfiguration;
			buildSettings = {
				ASSETCATALOG_COMPILER_APPICON_NAME = AppIcon;
				INFOPLIST_FILE = SampleFullStack/Info.plist;
				LD_RUNPATH_SEARCH_PATHS = "$(inherited) @executable_path/Frameworks";
				PRODUCT_BUNDLE_IDENTIFIER = com.uncc.advancedmobileappdevelopment.SampleFullStack;
				PRODUCT_NAME = "$(TARGET_NAME)";
				SWIFT_VERSION = 3.0;
			};
			name = Release;
		};
/* End XCBuildConfiguration section */

/* Begin XCConfigurationList section */
		968DFD3C1F5686EC001A8213 /* Build configuration list for PBXProject "SampleFullStack" */ = {
			isa = XCConfigurationList;
			buildConfigurations = (
				968DFD511F5686EC001A8213 /* Debug */,
				968DFD521F5686EC001A8213 /* Release */,
			);
			defaultConfigurationIsVisible = 0;
			defaultConfigurationName = Release;
		};
		968DFD531F5686EC001A8213 /* Build configuration list for PBXNativeTarget "SampleFullStack" */ = {
			isa = XCConfigurationList;
			buildConfigurations = (
				968DFD541F5686EC001A8213 /* Debug */,
				968DFD551F5686EC001A8213 /* Release */,
			);
			defaultConfigurationIsVisible = 0;
			defaultConfigurationName = Release;
		};
/* End XCConfigurationList section */
	};
	rootObject = 968DFD391F5686EC001A8213 /* Project object */;
}
